{
  "name": "bot_xiaoice",
  "version": "1.0.0",
  "lockfileVersion": 1,
  "requires": true,
  "dependencies": {
    "@popperjs/core": {
      "version": "2.11.2",
      "resolved": "https://registry.npmmirror.com/@popperjs/core/download/@popperjs/core-2.11.2.tgz",
      "integrity": "sha512-92FRmppjjqz29VMJ2dn+xdyXZBrMlE42AV6Kq6BwjWV7CNUW1hs2FtxSNLQE+gJhaZ6AAmYuO9y8dshhcBl7vA==",
      "dev": true
    },
    "adler-32": {
      "version": "1.2.0",
      "resolved": "https://registry.nlark.com/adler-32/download/adler-32-1.2.0.tgz",
      "integrity": "sha1-aj5r8KY5ALoVZSgIyxXGgT0aXyU=",
      "dev": true,
      "requires": {
        "exit-on-epipe": "~1.0.1",
        "printj": "~1.1.0"
      }
    },
    "axios": {
      "version": "0.24.0",
      "resolved": "https://registry.npmmirror.com/axios/download/axios-0.24.0.tgz",
      "integrity": "sha512-Q6cWsys88HoPgAaFAVUb0WpPk0O8iTeisR9IMqy9G8AbO4NlpVknrnQS03zzF9PGAWgO3cgletO3VjV/P7VztA==",
      "dev": true,
      "requires": {
        "follow-redirects": "^1.14.4"
      }
    },
    "balanced-match": {
      "version": "1.0.2",
      "resolved": "https://registry.nlark.com/balanced-match/download/balanced-match-1.0.2.tgz",
      "integrity": "sha1-6D46fj8wCzTLnYf2FfoMvzV2kO4=",
      "dev": true
    },
    "bignumber.js": {
      "version": "9.0.0",
      "resolved": "https://registry.npmmirror.com/bignumber.js/download/bignumber.js-9.0.0.tgz",
      "integrity": "sha512-t/OYhhJ2SD+YGBQcjY8GzzDHEk9f3nerxjtfa6tlMXfe7frs/WozhvCNoGvpM0P3bNf3Gq5ZRMlGr5f3r4/N8A==",
      "dev": true
    },
    "blueimp-load-image": {
      "version": "3.0.0",
      "resolved": "https://registry.npmmirror.com/blueimp-load-image/download/blueimp-load-image-3.0.0.tgz",
      "integrity": "sha1-1xw5RAp9LxqD4+hqYl4ykRalFwU=",
      "dev": true
    },
    "bmp-js": {
      "version": "0.1.0",
      "resolved": "https://registry.nlark.com/bmp-js/download/bmp-js-0.1.0.tgz",
      "integrity": "sha1-4Fpj95amwf8l9Hcex62twUjAcjM=",
      "dev": true
    },
    "brace-expansion": {
      "version": "1.1.11",
      "resolved": "https://registry.npm.taobao.org/brace-expansion/download/brace-expansion-1.1.11.tgz?cache=0&sync_timestamp=1614010713935&other_urls=https%3A%2F%2Fregistry.npm.taobao.org%2Fbrace-expansion%2Fdownload%2Fbrace-expansion-1.1.11.tgz",
      "integrity": "sha1-PH/L9SnYcibz0vUrlm/1Jx60Qd0=",
      "dev": true,
      "requires": {
        "balanced-match": "^1.0.0",
        "concat-map": "0.0.1"
      }
    },
    "cfb": {
      "version": "1.2.1",
      "resolved": "https://registry.nlark.com/cfb/download/cfb-1.2.1.tgz",
      "integrity": "sha1-IJQp5MaO/TBkH2/HSy1gKL0gJAI=",
      "dev": true,
      "requires": {
        "adler-32": "~1.3.0",
        "crc-32": "~1.2.0",
        "printj": "~1.3.0"
      },
      "dependencies": {
        "adler-32": {
          "version": "1.3.0",
          "resolved": "https://registry.nlark.com/adler-32/download/adler-32-1.3.0.tgz",
          "integrity": "sha1-PK0bcc36afbIqR8+NhXTGk/e3HI=",
          "dev": true,
          "requires": {
            "printj": "~1.2.2"
          },
          "dependencies": {
            "printj": {
              "version": "1.2.3",
              "resolved": "https://registry.nlark.com/printj/download/printj-1.2.3.tgz",
              "integrity": "sha1-LPsrGSoeU4XbvltGZYrDSqgoUIo=",
              "dev": true
            }
          }
        },
        "printj": {
          "version": "1.3.0",
          "resolved": "https://registry.nlark.com/printj/download/printj-1.3.0.tgz",
          "integrity": "sha1-kBipGKeQ5DcH8QYl1uEBh6Nnz/Y=",
          "dev": true
        }
      }
    },
    "codepage": {
      "version": "1.15.0",
      "resolved": "https://registry.nlark.com/codepage/download/codepage-1.15.0.tgz",
      "integrity": "sha1-LgBRkCSzlCTsZu6z7AcifmkmGKs=",
      "dev": true
    },
    "colors": {
      "version": "1.4.0",
      "resolved": "https://registry.npmmirror.com/colors/download/colors-1.4.0.tgz",
      "integrity": "sha512-a+UqTh4kgZg/SlGvfbzDHpgRu7AAQOmmqRHJnxhRZICKFUT91brVhNNt58CMWU9PsBbv3PDCZUHbVxuDiH2mtA==",
      "dev": true
    },
    "commander": {
      "version": "2.20.3",
      "resolved": "https://registry.npmmirror.com/commander/download/commander-2.20.3.tgz",
      "integrity": "sha512-GpVkmM8vF2vQUkj2LvZmD35JxeJOLCwJ9cUkugyk2nuhbv3+mJvpLYYt+0+USMxE+oj+ey/lJEnhZw75x/OMcQ==",
      "dev": true
    },
    "concat-map": {
      "version": "0.0.1",
      "resolved": "https://registry.npm.taobao.org/concat-map/download/concat-map-0.0.1.tgz",
      "integrity": "sha1-2Klr13/Wjfd5OnMDajug1UBdR3s=",
      "dev": true
    },
    "core-util-is": {
      "version": "1.0.3",
      "resolved": "https://registry.nlark.com/core-util-is/download/core-util-is-1.0.3.tgz?cache=0&sync_timestamp=1630420577662&other_urls=https%3A%2F%2Fregistry.nlark.com%2Fcore-util-is%2Fdownload%2Fcore-util-is-1.0.3.tgz",
      "integrity": "sha1-pgQtNjTCsn6TKPg3uWX6yDgI24U=",
      "dev": true
    },
    "crc-32": {
      "version": "1.2.0",
      "resolved": "https://registry.nlark.com/crc-32/download/crc-32-1.2.0.tgz",
      "integrity": "sha1-yy224puIUI4y2d0OwWk+e0Ghggg=",
      "dev": true,
      "requires": {
        "exit-on-epipe": "~1.0.1",
        "printj": "~1.1.0"
      }
    },
    "crypto-js": {
      "version": "4.1.1",
      "resolved": "https://registry.npmmirror.com/crypto-js/download/crypto-js-4.1.1.tgz",
      "integrity": "sha512-o2JlM7ydqd3Qk9CA0L4NL6mTzU2sdx96a+oOfPu8Mkl/PK51vSyoi8/rQ8NknZtk44vq15lmhAj9CIAGwgeWKw==",
      "dev": true
    },
    "cssfilter": {
      "version": "0.0.10",
      "resolved": "https://registry.nlark.com/cssfilter/download/cssfilter-0.0.10.tgz",
      "integrity": "sha1-xtJnJjKi5cg+AT5oZKQs6N79IK4=",
      "dev": true
    },
    "dayjs": {
      "version": "1.10.7",
      "resolved": "https://registry.npmmirror.com/dayjs/download/dayjs-1.10.7.tgz",
      "integrity": "sha512-P6twpd70BcPK34K26uJ1KT3wlhpuOAPoMwJzpsIWUxHZ7wpmbdZL/hQqBDfz7hGurYSa5PhzdhDHtt319hL3ig==",
      "dev": true
    },
    "eventemitter3": {
      "version": "4.0.7",
      "resolved": "https://registry.npmmirror.com/eventemitter3/download/eventemitter3-4.0.7.tgz",
      "integrity": "sha512-8guHBZCwKnFhYdHr2ysuRWErTwhoN2X8XELRlrRwpmfeY2jjuUN4taQMsULKUVo1K4DvZl+0pgfyoysHxvmvEw==",
      "dev": true
    },
    "exit-on-epipe": {
      "version": "1.0.1",
      "resolved": "https://registry.nlark.com/exit-on-epipe/download/exit-on-epipe-1.0.1.tgz",
      "integrity": "sha1-C92S6H1ShdJn2qgXHQ6wYVlolpI=",
      "dev": true
    },
    "file-type": {
      "version": "12.4.2",
      "resolved": "https://registry.npmmirror.com/file-type/download/file-type-12.4.2.tgz",
      "integrity": "sha1-o0TqVmSh0BRH7n+xtjX3L+thadk=",
      "dev": true
    },
    "follow-redirects": {
      "version": "1.14.7",
      "resolved": "https://registry.npmmirror.com/follow-redirects/download/follow-redirects-1.14.7.tgz",
      "integrity": "sha512-+hbxoLbFMbRKDwohX8GkTataGqO6Jb7jGwpAlwgy2bIz25XtRm7KEzJM76R1WiNT5SwZkX4Y75SwBolkpmE7iQ==",
      "dev": true
    },
    "frac": {
      "version": "1.1.2",
      "resolved": "https://registry.nlark.com/frac/download/frac-1.1.2.tgz",
      "integrity": "sha1-PXT39keMiKG1AgMG10fcYxPHTQs=",
      "dev": true
    },
    "fs.realpath": {
      "version": "1.0.0",
      "resolved": "https://registry.nlark.com/fs.realpath/download/fs.realpath-1.0.0.tgz",
      "integrity": "sha1-FQStJSMVjKpA20onh8sBQRmU6k8=",
      "dev": true
    },
    "fuzzball": {
      "version": "2.1.2",
      "resolved": "https://registry.npmmirror.com/fuzzball/download/fuzzball-2.1.2.tgz",
      "integrity": "sha512-wVBw/a73M3luaX6ZHt9vIoEKT/rLqBkzdBRhQzWw/IQyIt0qnqc0IAJDCkX3CLgj2tRIUAfgDUT8G6YuMpmNXg==",
      "dev": true,
      "requires": {
        "heap": ">=0.2.0",
        "setimmediate": "^1.0.5",
        "string.fromcodepoint": "^0.2.1",
        "string.prototype.codepointat": "^0.2.0"
      }
    },
    "glob": {
      "version": "7.2.0",
      "resolved": "https://registry.npmmirror.com/glob/download/glob-7.2.0.tgz",
      "integrity": "sha512-lmLf6gtyrPq8tTjSmrO94wBeQbFR3HbLHbuyD69wuyQkImp2hWqMGB47OX65FBkPffO641IP9jWa1z4ivqG26Q==",
      "dev": true,
      "requires": {
        "fs.realpath": "^1.0.0",
        "inflight": "^1.0.4",
        "inherits": "2",
        "minimatch": "^3.0.4",
        "once": "^1.3.0",
        "path-is-absolute": "^1.0.0"
      }
    },
    "heap": {
      "version": "0.2.7",
      "resolved": "https://registry.npmmirror.com/heap/download/heap-0.2.7.tgz",
      "integrity": "sha512-2bsegYkkHO+h/9MGbn6KWcE45cHZgPANo5LXF7EvWdT0yT2EguSVO1nDgU5c8+ZOPwp2vMNa7YFsJhVcDR9Sdg==",
      "dev": true
    },
    "htmlparser": {
      "version": "1.7.7",
      "resolved": "https://registry.npmmirror.com/htmlparser/download/htmlparser-1.7.7.tgz",
      "integrity": "sha512-zpK66ifkT0fauyFh2Mulrq4AqGTucxGtOhZ8OjkbSfcCpkqQEI8qRkY0tSQSJNAQ4HUZkgWaU4fK4EH6SVH9PQ==",
      "dev": true
    },
    "idb-keyval": {
      "version": "3.2.0",
      "resolved": "https://registry.npmmirror.com/idb-keyval/download/idb-keyval-3.2.0.tgz",
      "integrity": "sha1-y781TetWhLbNyEN2KU/AWTKEW9Y=",
      "dev": true
    },
    "inflight": {
      "version": "1.0.6",
      "resolved": "https://registry.npm.taobao.org/inflight/download/inflight-1.0.6.tgz",
      "integrity": "sha1-Sb1jMdfQLQwJvJEKEHW6gWW1bfk=",
      "dev": true,
      "requires": {
        "once": "^1.3.0",
        "wrappy": "1"
      }
    },
    "inherits": {
      "version": "2.0.4",
      "resolved": "https://registry.npm.taobao.org/inherits/download/inherits-2.0.4.tgz",
      "integrity": "sha1-D6LGT5MpF8NDOg3tVTY6rjdBa3w=",
      "dev": true
    },
    "is-electron": {
      "version": "2.2.1",
      "resolved": "https://registry.npmmirror.com/is-electron/download/is-electron-2.2.1.tgz",
      "integrity": "sha512-r8EEQQsqT+Gn0aXFx7lTFygYQhILLCB+wn0WCDL5LZRINeLH/Rvw1j2oKodELLXYNImQ3CRlVsY8wW4cGOsyuw==",
      "dev": true
    },
    "is-url": {
      "version": "1.2.4",
      "resolved": "https://registry.nlark.com/is-url/download/is-url-1.2.4.tgz",
      "integrity": "sha1-BKTfRtKMTP89c9Af8Gq+sxihqlI=",
      "dev": true
    },
    "isarray": {
      "version": "1.0.0",
      "resolved": "https://registry.nlark.com/isarray/download/isarray-1.0.0.tgz",
      "integrity": "sha1-u5NdSFgsuhaMBoNJV6VKPgcSTxE=",
      "dev": true
    },
    "jpeg-autorotate": {
      "version": "7.1.1",
      "resolved": "https://registry.npmmirror.com/jpeg-autorotate/download/jpeg-autorotate-7.1.1.tgz",
      "integrity": "sha1-xXkFxq/TtUNzpqHQJJ7W4H97BDs=",
      "dev": true,
      "requires": {
        "colors": "^1.4.0",
        "glob": "^7.1.6",
        "jpeg-js": "^0.4.2",
        "piexifjs": "^1.0.6",
        "yargs-parser": "^20.2.1"
      }
    },
    "jpeg-js": {
      "version": "0.4.3",
      "resolved": "https://registry.npm.taobao.org/jpeg-js/download/jpeg-js-0.4.3.tgz",
      "integrity": "sha1-YVjgnxmDrXc4E3BL6AaAVQ7/l3s=",
      "dev": true
    },
    "lodash": {
      "version": "4.17.21",
      "resolved": "https://registry.npmmirror.com/lodash/download/lodash-4.17.21.tgz",
      "integrity": "sha512-v2kDEe57lecTulaDIuNTPy3Ry4gLGJ6Z1O3vE1krgXZNrsQ+LFTGHVxVjcXPs17LhbZVGedAJv8XZ1tvj5FvSg==",
      "dev": true
    },
    "minimatch": {
      "version": "3.0.4",
      "resolved": "https://registry.nlark.com/minimatch/download/minimatch-3.0.4.tgz",
      "integrity": "sha1-UWbihkV/AzBgZL5Ul+jbsMPTIIM=",
      "dev": true,
      "requires": {
        "brace-expansion": "^1.1.7"
      }
    },
    "mysql": {
      "version": "2.18.1",
      "resolved": "https://registry.npmmirror.com/mysql/download/mysql-2.18.1.tgz",
      "integrity": "sha512-Bca+gk2YWmqp2Uf6k5NFEurwY/0td0cpebAucFpY/3jhrwrVGuxU2uQFCHjU19SJfje0yQvi+rVWdq78hR5lig==",
      "dev": true,
      "requires": {
        "bignumber.js": "9.0.0",
        "readable-stream": "2.3.7",
        "safe-buffer": "5.1.2",
        "sqlstring": "2.3.1"
      }
    },
    "node-fetch": {
      "version": "2.6.6",
      "resolved": "https://registry.npmmirror.com/node-fetch/download/node-fetch-2.6.6.tgz",
      "integrity": "sha1-F1GnwBg06OFpd1hzLp77burfr4k=",
      "dev": true,
      "requires": {
        "whatwg-url": "^5.0.0"
      }
    },
    "once": {
      "version": "1.4.0",
      "resolved": "https://registry.nlark.com/once/download/once-1.4.0.tgz",
      "integrity": "sha1-WDsap3WWHUsROsF9nFC6753Xa9E=",
      "dev": true,
      "requires": {
        "wrappy": "1"
      }
    },
    "opencollective-postinstall": {
      "version": "2.0.3",
      "resolved": "https://registry.npmmirror.com/opencollective-postinstall/download/opencollective-postinstall-2.0.3.tgz?cache=0&sync_timestamp=1637575019200&other_urls=https%3A%2F%2Fregistry.npmmirror.com%2Fopencollective-postinstall%2Fdownload%2Fopencollective-postinstall-2.0.3.tgz",
      "integrity": "sha1-eg//l49tv6TQBiOPusmO1BmMMlk=",
      "dev": true
    },
    "path-is-absolute": {
      "version": "1.0.1",
      "resolved": "https://registry.nlark.com/path-is-absolute/download/path-is-absolute-1.0.1.tgz",
      "integrity": "sha1-F0uSaHNVNP+8es5r9TpanhtcX18=",
      "dev": true
    },
    "piexifjs": {
      "version": "1.0.6",
      "resolved": "https://registry.nlark.com/piexifjs/download/piexifjs-1.0.6.tgz",
      "integrity": "sha1-iDgR1z9EchjQ0G6e14ZtBFM+WeA=",
      "dev": true
    },
    "printj": {
      "version": "1.1.2",
      "resolved": "https://registry.nlark.com/printj/download/printj-1.1.2.tgz",
      "integrity": "sha1-2Q3rKXWoufYA+zoclOP0xTx4oiI=",
      "dev": true
    },
    "process-nextick-args": {
      "version": "2.0.1",
      "resolved": "https://registry.nlark.com/process-nextick-args/download/process-nextick-args-2.0.1.tgz",
      "integrity": "sha1-eCDZsWEgzFXKmud5JoCufbptf+I=",
      "dev": true
    },
    "readable-stream": {
      "version": "2.3.7",
      "resolved": "https://registry.nlark.com/readable-stream/download/readable-stream-2.3.7.tgz",
      "integrity": "sha1-Hsoc9xGu+BTAT2IlKjamL2yyO1c=",
      "dev": true,
      "requires": {
        "core-util-is": "~1.0.0",
        "inherits": "~2.0.3",
        "isarray": "~1.0.0",
        "process-nextick-args": "~2.0.0",
        "safe-buffer": "~5.1.1",
        "string_decoder": "~1.1.1",
        "util-deprecate": "~1.0.1"
      }
    },
    "regenerator-runtime": {
      "version": "0.13.9",
      "resolved": "https://registry.npmmirror.com/regenerator-runtime/download/regenerator-runtime-0.13.9.tgz",
      "integrity": "sha512-p3VT+cOEgxFsRRA9X4lkI1E+k2/CtnKtU4gcxyaCUreilL/vqI6CdZ3wxVUx3UOUg+gnUOQQcRI7BmSI656MYA==",
      "dev": true
    },
    "resolve-url": {
      "version": "0.2.1",
      "resolved": "https://registry.npmmirror.com/resolve-url/download/resolve-url-0.2.1.tgz",
      "integrity": "sha1-LGN/53yJOv0qZj/iGqkIAGjiBSo=",
      "dev": true
    },
    "safe-buffer": {
      "version": "5.1.2",
      "resolved": "https://registry.nlark.com/safe-buffer/download/safe-buffer-5.1.2.tgz?cache=0&sync_timestamp=1618847044058&other_urls=https%3A%2F%2Fregistry.nlark.com%2Fsafe-buffer%2Fdownload%2Fsafe-buffer-5.1.2.tgz",
      "integrity": "sha1-mR7GnSluAxN0fVm9/St0XDX4go0=",
      "dev": true
    },
    "seamless-scroll-polyfill": {
      "version": "1.2.4",
      "resolved": "https://registry.npmmirror.com/seamless-scroll-polyfill/download/seamless-scroll-polyfill-1.2.4.tgz",
      "integrity": "sha1-C3AaIj9pknhrUnuDfMEyhS6+Iy8=",
      "dev": true
    },
    "setimmediate": {
      "version": "1.0.5",
      "resolved": "https://registry.npmmirror.com/setimmediate/download/setimmediate-1.0.5.tgz",
      "integrity": "sha512-MATJdZp8sLqDl/68LfQmbP8zKPLQNV6BIZoIgrscFDQ+RsvK/BxeDQOgyxKKoh0y/8h3BqVFnCqQ/gd+reiIXA==",
      "dev": true
    },
    "sqlstring": {
      "version": "2.3.1",
      "resolved": "https://registry.npm.taobao.org/sqlstring/download/sqlstring-2.3.1.tgz",
      "integrity": "sha1-R1OT/56RR5rqYtyvDKPRSYOn+0A=",
      "dev": true
    },
    "ssf": {
      "version": "0.11.2",
      "resolved": "https://registry.nlark.com/ssf/download/ssf-0.11.2.tgz",
      "integrity": "sha1-C5lpiyN1SNCI/EPN8rcMGnUSwGw=",
      "dev": true,
      "requires": {
        "frac": "~1.1.2"
      }
    },
    "string.fromcodepoint": {
      "version": "0.2.1",
      "resolved": "https://registry.nlark.com/string.fromcodepoint/download/string.fromcodepoint-0.2.1.tgz",
      "integrity": "sha1-jZeDM8C8klOPUPOD5IiPPlYZ1lM=",
      "dev": true
    },
    "string.prototype.codepointat": {
      "version": "0.2.1",
      "resolved": "https://registry.nlark.com/string.prototype.codepointat/download/string.prototype.codepointat-0.2.1.tgz",
      "integrity": "sha1-AErUTIr8cnUnsQjNRitNlxzUabw=",
      "dev": true
    },
    "string_decoder": {
      "version": "1.1.1",
      "resolved": "https://registry.nlark.com/string_decoder/download/string_decoder-1.1.1.tgz",
      "integrity": "sha1-nPFhG6YmhdcDCunkujQUnDrwP8g=",
      "dev": true,
      "requires": {
        "safe-buffer": "~5.1.0"
      }
    },
    "tesseract.js": {
      "version": "2.1.5",
      "resolved": "https://registry.npmmirror.com/tesseract.js/download/tesseract.js-2.1.5.tgz",
      "integrity": "sha1-L3V/8FnySXIQlv6flAKcNJZQkCw=",
      "dev": true,
      "requires": {
        "blueimp-load-image": "^3.0.0",
        "bmp-js": "^0.1.0",
        "file-type": "^12.4.1",
        "idb-keyval": "^3.2.0",
        "is-electron": "^2.2.0",
        "is-url": "^1.2.4",
        "jpeg-autorotate": "^7.1.1",
        "node-fetch": "^2.6.0",
        "opencollective-postinstall": "^2.0.2",
        "regenerator-runtime": "^0.13.3",
        "resolve-url": "^0.2.1",
        "tesseract.js-core": "^2.2.0",
        "zlibjs": "^0.3.1"
      }
    },
    "tesseract.js-core": {
      "version": "2.2.0",
      "resolved": "https://registry.npm.taobao.org/tesseract.js-core/download/tesseract.js-core-2.2.0.tgz",
      "integrity": "sha1-bveAUScqOBlp+sPkWiJuhQIs/+8=",
      "dev": true
    },
    "tippy.js": {
      "version": "6.3.7",
      "resolved": "https://registry.npmmirror.com/tippy.js/download/tippy.js-6.3.7.tgz",
      "integrity": "sha512-E1d3oP2emgJ9dRQZdf3Kkn0qJgI6ZLpyS5z6ZkY1DF3kaQaBsGZsndEpHwx+eC+tYM41HaSNvNtLx8tU57FzTQ==",
      "dev": true,
      "requires": {
        "@popperjs/core": "^2.9.0"
      }
    },
    "tr46": {
      "version": "0.0.3",
      "resolved": "https://registry.npmmirror.com/tr46/download/tr46-0.0.3.tgz?cache=0&sync_timestamp=1633302360065&other_urls=https%3A%2F%2Fregistry.npmmirror.com%2Ftr46%2Fdownload%2Ftr46-0.0.3.tgz",
      "integrity": "sha1-gYT9NH2snNwYWZLzpmIuFLnZq2o=",
      "dev": true
    },
    "ua-parser-js": {
      "version": "1.0.2",
      "resolved": "https://registry.npmmirror.com/ua-parser-js/download/ua-parser-js-1.0.2.tgz",
      "integrity": "sha1-4pdsNNv7MLFdLDALKlPqyHxXp3U=",
      "dev": true
    },
    "util-deprecate": {
      "version": "1.0.2",
      "resolved": "https://registry.npm.taobao.org/util-deprecate/download/util-deprecate-1.0.2.tgz?cache=0&other_urls=https%3A%2F%2Fregistry.npm.taobao.org%2Futil-deprecate%2Fdownload%2Futil-deprecate-1.0.2.tgz",
      "integrity": "sha1-RQ1Nyfpw3nMnYvvS1KKJgUGaDM8=",
      "dev": true
    },
    "viewerjs": {
      "version": "1.10.2",
      "resolved": "https://registry.npmmirror.com/viewerjs/download/viewerjs-1.10.2.tgz",
      "integrity": "sha1-3hb6EGaOTaYyWWmDajJkoEbj75o=",
      "dev": true
    },
    "w-websocket-client": {
      "version": "1.0.23",
      "resolved": "https://registry.npmmirror.com/w-websocket-client/download/w-websocket-client-1.0.23.tgz",
      "integrity": "sha512-OW8xD18KBHf6sTVjovPGoIb2KAUTZ1zita1sCwBSIghvdHTmvfO+maIUdl7V2GCbUvPuwU1cxfWHRHmtDw8H3g==",
      "dev": true,
      "requires": {
        "lodash": "^4.17.21",
        "ws": "^8.3.0",
        "wsemi": "^1.6.34"
      }
    },
    "webidl-conversions": {
      "version": "3.0.1",
      "resolved": "https://registry.nlark.com/webidl-conversions/download/webidl-conversions-3.0.1.tgz",
      "integrity": "sha1-JFNCdeKnvGvnvIZhHMFq4KVlSHE=",
      "dev": true
    },
    "whatwg-url": {
      "version": "5.0.0",
      "resolved": "https://registry.npmmirror.com/whatwg-url/download/whatwg-url-5.0.0.tgz",
      "integrity": "sha1-lmRU6HZUYuN2RNNib2dCzotwll0=",
      "dev": true,
      "requires": {
        "tr46": "~0.0.3",
        "webidl-conversions": "^3.0.0"
      }
    },
    "wmf": {
      "version": "1.0.2",
      "resolved": "https://registry.nlark.com/wmf/download/wmf-1.0.2.tgz",
      "integrity": "sha1-fRnWIQcaCMK9xrfmiKnENSmMwto=",
      "dev": true
    },
    "word": {
      "version": "0.3.0",
      "resolved": "https://registry.nlark.com/word/download/word-0.3.0.tgz",
      "integrity": "sha1-hUIVfk+OhJ9KNjooiZLUdhLbmWE=",
      "dev": true
    },
    "wrappy": {
      "version": "1.0.2",
      "resolved": "https://registry.nlark.com/wrappy/download/wrappy-1.0.2.tgz",
      "integrity": "sha1-tSQ9jz7BqjXxNkYFvA0QNuMKtp8=",
      "dev": true
    },
    "ws": {
      "version": "8.4.0",
      "resolved": "https://registry.npmmirror.com/ws/download/ws-8.4.0.tgz",
      "integrity": "sha512-IHVsKe2pjajSUIl4KYMQOdlyliovpEPquKkqbwswulszzI7r0SfQrxnXdWAEqOlDCLrVSJzo+O1hAwdog2sKSQ==",
      "dev": true
    },
    "wsemi": {
      "version": "1.6.36",
      "resolved": "https://registry.npmmirror.com/wsemi/download/wsemi-1.6.36.tgz",
      "integrity": "sha512-ls5JO6+hd9EBUWXMeIeGrjxAe71IqdrAeJwJCfzdlYvYveHbRGIdZAILo7v+6LWEzIZxayhXmRVO9TQQ2McaDA==",
      "dev": true,
      "requires": {
        "crypto-js": "^4.1.1",
        "dayjs": "^1.10.7",
        "eventemitter3": "^4.0.7",
        "fuzzball": "^2.0.2",
        "htmlparser": "^1.7.7",
        "lodash": "^4.17.21",
        "seamless-scroll-polyfill": "^1.2.4",
        "tesseract.js": "^2.1.5",
        "tippy.js": "^6.3.7",
        "ua-parser-js": "^1.0.2",
        "viewerjs": "^1.10.2",
        "xlsx": "^0.17.4",
        "xss": "^1.0.10"
      }
    },
    "xlsx": {
      "version": "0.17.5",
      "resolved": "https://registry.npmmirror.com/xlsx/download/xlsx-0.17.5.tgz",
      "integrity": "sha512-lXNU0TuYsvElzvtI6O7WIVb9Zar1XYw7Xb3VAx2wn8N/n0whBYrCnHMxtFyIiUU1Wjf09WzmLALDfBO5PqTb1g==",
      "dev": true,
      "requires": {
        "adler-32": "~1.2.0",
        "cfb": "^1.1.4",
        "codepage": "~1.15.0",
        "crc-32": "~1.2.0",
        "ssf": "~0.11.2",
        "wmf": "~1.0.1",
        "word": "~0.3.0"
      }
    },
    "xss": {
      "version": "1.0.10",
      "resolved": "https://registry.npmmirror.com/xss/download/xss-1.0.10.tgz?cache=0&sync_timestamp=1633683792567&other_urls=https%3A%2F%2Fregistry.npmmirror.com%2Fxss%2Fdownload%2Fxss-1.0.10.tgz",
      "integrity": "sha1-XNY6mxR6dVoUywRVx9uIZhIOtNI=",
      "dev": true,
      "requires": {
        "commander": "^2.20.3",
        "cssfilter": "0.0.10"
      }
    },
    "yargs-parser": {
      "version": "20.2.9",
      "resolved": "https://registry.npmmirror.com/yargs-parser/download/yargs-parser-20.2.9.tgz?cache=0&sync_timestamp=1637030983058&other_urls=https%3A%2F%2Fregistry.npmmirror.com%2Fyargs-parser%2Fdownload%2Fyargs-parser-20.2.9.tgz",
      "integrity": "sha1-LrfcOwKJcY/ClfNidThFxBoMlO4=",
      "dev": true
    },
    "zlibjs": {
      "version": "0.3.1",
      "resolved": "https://registry.nlark.com/zlibjs/download/zlibjs-0.3.1.tgz",
      "integrity": "sha1-UBl+2yihxCymWcyLTmqd3W1ERVQ=",
      "dev": true
    }
  }
}
